
Microsoft Visual Studio Solution File, Format Version 12.00
# Visual Studio Version 17
VisualStudioVersion = 17.6.33815.320
MinimumVisualStudioVersion = 10.0.40219.1
Project("{FAE04EC0-301F-11D3-BF4B-00C04F79EFBC}") = "compass", "compass.csproj", "{EBF7AE85-CD1C-466F-89BE-44760454765E}"
EndProject
Global
	GlobalSection(SolutionConfigurationPlatforms) = preSolution
		Debug|Any CPU = Debug|Any CPU
		Release|Any CPU = Release|Any CPU
	EndGlobalSection
	GlobalSection(ProjectConfigurationPlatforms) = postSolution
		{EBF7AE85-CD1C-466F-89BE-44760454765E}.Debug|Any CPU.ActiveCfg = Debug|Any CPU
		{EBF7AE85-CD1C-466F-89BE-44760454765E}.Debug|Any CPU.Build.0 = Debug|Any CPU
		{EBF7AE85-CD1C-466F-89BE-44760454765E}.Release|Any CPU.ActiveCfg = Release|Any CPU
		{EBF7AE85-CD1C-466F-89BE-44760454765E}.Release|Any CPU.Build.0 = Release|Any CPU
	EndGlobalSection
	GlobalSection(SolutionProperties) = preSolution
		HideSolutionNode = FALSE
	EndGlobalSection
	GlobalSection(ExtensibilityGlobals) = postSolution
		SolutionGuid = {A0CD59F1-E608-4F79-BE97-16123F5AA1A6}
	EndGlobalSection
EndGlobal
